
Microsoft Visual Studio Solution File, Format Version 12.00
# Visual Studio Version 16
VisualStudioVersion = 16.0.31515.178
MinimumVisualStudioVersion = 10.0.40219.1
Project("{FAE04EC0-301F-11D3-BF4B-00C04F79EFBC}") = "Sharp2048", "Sharp2048\Sharp2048.csproj", "{E842AB44-5810-4430-ADCD-19483E8ECC20}"
EndProject
Project("{FAE04EC0-301F-11D3-BF4B-00C04F79EFBC}") = "GameLogic", "..\GameLogic\GameLogic.csproj", "{86B3CE7B-2463-49A2-86C5-5AD8019CDA83}"
EndProject
Global
	GlobalSection(SolutionConfigurationPlatforms) = preSolution
		Debug|Any CPU = Debug|Any CPU
		Release|Any CPU = Release|Any CPU
	EndGlobalSection
	GlobalSection(ProjectConfigurationPlatforms) = postSolution
		{E842AB44-5810-4430-ADCD-19483E8ECC20}.Debug|Any CPU.ActiveCfg = Debug|Any CPU
		{E842AB44-5810-4430-ADCD-19483E8ECC20}.Debug|Any CPU.Build.0 = Debug|Any CPU
		{E842AB44-5810-4430-ADCD-19483E8ECC20}.Release|Any CPU.ActiveCfg = Release|Any CPU
		{E842AB44-5810-4430-ADCD-19483E8ECC20}.Release|Any CPU.Build.0 = Release|Any CPU
		{86B3CE7B-2463-49A2-86C5-5AD8019CDA83}.Debug|Any CPU.ActiveCfg = Debug|Any CPU
		{86B3CE7B-2463-49A2-86C5-5AD8019CDA83}.Debug|Any CPU.Build.0 = Debug|Any CPU
		{86B3CE7B-2463-49A2-86C5-5AD8019CDA83}.Release|Any CPU.ActiveCfg = Release|Any CPU
		{86B3CE7B-2463-49A2-86C5-5AD8019CDA83}.Release|Any CPU.Build.0 = Release|Any CPU
	EndGlobalSection
	GlobalSection(SolutionProperties) = preSolution
		HideSolutionNode = FALSE
	EndGlobalSection
	GlobalSection(ExtensibilityGlobals) = postSolution
		SolutionGuid = {4DB2C827-7FFB-45EA-BB04-82987B3B5C50}
	EndGlobalSection
EndGlobal
